<?xml version="1.0" encoding="utf-8"?>
<Project ToolsVersion="4.0" xmlns="http://schemas.microsoft.com/developer/msbuild/2003">
  <ItemGroup>
    <Filter Include="Source Files">
      <Extensions>cpp;c;cc;cxx;def;odl;idl;hpj;bat;asm;asmx;*</Extensions>
      <UniqueIdentifier>{FC011592-03B3-41FE-A322-2A4A09923FC0}</UniqueIdentifier>
    </Filter>
    <Filter Include="Header Files">
      <Extensions>h;hpp;hxx;hm;inl;inc;xsd</Extensions>
      <UniqueIdentifier>{909BB668-2A6A-4809-ACDD-EE0600211951}</UniqueIdentifier>
    </Filter>
    <Filter Include="Resource Files">
      <Extensions>rc;ico;cur;bmp;dlg;rc2;rct;bin;rgs;gif;jpg;jpeg;jpe;resx;tiff;tif;png;wav;mfcribbon-ms;man;xml</Extensions>
      <UniqueIdentifier>{C33A28B6-71E0-4305-A532-2E117FB9997B}</UniqueIdentifier>
    </Filter>
    <Filter Include="Driver Files">
      <Extensions>inf;inv;inx;mof;mc;</Extensions>
      <UniqueIdentifier>{9D854565-EE40-4732-836B-BF7CA4EC2AAB}</UniqueIdentifier>
    </Filter>
    <Filter Include="Scripts">
      <UniqueIdentifier>{311d8169-5d93-4c29-83b2-b6504386ec55}</UniqueIdentifier>
    </Filter>
  </ItemGroup>
  <ItemGroup>
    <ClCompile Include="src\CopyFilter.c">
      <Filter>Source Files</Filter>
    </ClCompile>
    <ClCompile Include="src\KMap.c">
      <Filter>Source Files</Filter>
    </ClCompile>
    <ClCompile Include="src\VolumeInfo.c">
      <Filter>Source Files</Filter>
    </ClCompile>
    <ClCompile Include="src\CopyAnalysis.c">
      <Filter>Source Files</Filter>
    </ClCompile>
  </ItemGroup>
  <ItemGroup>
    <ResourceCompile Include="CopyFilter.rc">
      <Filter>Resource Files</Filter>
    </ResourceCompile>
  </ItemGroup>
  <ItemGroup>
    <Inf Include="CopyFilter.inf">
      <Filter>Driver Files</Filter>
    </Inf>
  </ItemGroup>
  <ItemGroup>
    <None Include="start-windbg.bat" />
    <None Include="target.cfg" />
    <None Include="start-windbg.bat" />
    <None Include="start-windbg.bat" />
    <None Include="start-windbg.bat" />
    <None Include="scripts\ConnectTarget.ps1">
      <Filter>Scripts</Filter>
    </None>
    <None Include="scripts\DeployDriverPkg.ps1">
      <Filter>Scripts</Filter>
    </None>
    <None Include="scripts\DriverManagement.ps1">
      <Filter>Scripts</Filter>
    </None>
    <None Include="scripts\InitWinRM.ps1">
      <Filter>Scripts</Filter>
    </None>
  </ItemGroup>
  <ItemGroup>
    <ClInclude Include="src\PoolTags.h">
      <Filter>Header Files</Filter>
    </ClInclude>
    <ClInclude Include="src\VolumeInfo.h">
      <Filter>Header Files</Filter>
    </ClInclude>
    <ClInclude Include="src\KernDebugLog.h">
      <Filter>Header Files</Filter>
    </ClInclude>
    <ClInclude Include="src\KMap.h">
      <Filter>Header Files</Filter>
    </ClInclude>
    <ClInclude Include="src\Macros.h">
      <Filter>Header Files</Filter>
    </ClInclude>
    <ClInclude Include="src\CopyAnalysis.h">
      <Filter>Header Files</Filter>
    </ClInclude>
  </ItemGroup>
</Project>